
Microsoft Visual Studio Solution File, Format Version 12.00
# Visual Studio Version 16
VisualStudioVersion = 16.0.29306.81
MinimumVisualStudioVersion = 10.0.40219.1
Project("{FAE04EC0-301F-11D3-BF4B-00C04F79EFBC}") = "WebApplication1", "WebApplication1.csproj", "{3DF4F20E-BD39-4BAF-A733-60D4EC000C52}"
EndProject
Global
	GlobalSection(SolutionConfigurationPlatforms) = preSolution
		Debug|Any CPU = Debug|Any CPU
		Release|Any CPU = Release|Any CPU
	EndGlobalSection
	GlobalSection(ProjectConfigurationPlatforms) = postSolution
		{3DF4F20E-BD39-4BAF-A733-60D4EC000C52}.Debug|Any CPU.ActiveCfg = Debug|Any CPU
		{3DF4F20E-BD39-4BAF-A733-60D4EC000C52}.Debug|Any CPU.Build.0 = Debug|Any CPU
		{3DF4F20E-BD39-4BAF-A733-60D4EC000C52}.Release|Any CPU.ActiveCfg = Release|Any CPU
		{3DF4F20E-BD39-4BAF-A733-60D4EC000C52}.Release|Any CPU.Build.0 = Release|Any CPU
	EndGlobalSection
	GlobalSection(SolutionProperties) = preSolution
		HideSolutionNode = FALSE
	EndGlobalSection
	GlobalSection(ExtensibilityGlobals) = postSolution
		SolutionGuid = {32C4AE85-96E5-48A5-9D87-F2AB7D5044EF}
	EndGlobalSection
EndGlobal
